{
  "version": 4,
  "terraform_version": "1.3.6",
  "serial": 1,
  "lineage": "7c7d78ed-baed-3f13-8c6f-59ae94d68b4a",
  "outputs": {},
  "resources": [
    {
      "module": "module.a3_bucket",
      "mode": "managed",
      "type": "random_integer",
      "name": "priority",
      "provider": "provider[\"registry.terraform.io/hashicorp/random\"]",
      "instances": [
        {
          "schema_version": 0,
          "attributes": {
            "id": "29189",
            "keepers": null,
            "max": 50000,
            "min": 1,
            "result": 29189,
            "seed": null
          },
          "sensitive_attributes": []
        }
      ]
    }
  ],
  "check_results": null
}
